
Microsoft Visual Studio Solution File, Format Version 12.00
# Visual Studio Version 17
VisualStudioVersion = 17.9.34723.18
MinimumVisualStudioVersion = 10.0.40219.1
Project("{FAE04EC0-301F-11D3-BF4B-00C04F79EFBC}") = "APIOwin", "APIOwin\APIOwin.csproj", "{9E9E3680-B880-4DC5-A3AD-A9BB435448A0}"
EndProject
Global
	GlobalSection(SolutionConfigurationPlatforms) = preSolution
		Debug|Any CPU = Debug|Any CPU
		Release|Any CPU = Release|Any CPU
	EndGlobalSection
	GlobalSection(ProjectConfigurationPlatforms) = postSolution
		{9E9E3680-B880-4DC5-A3AD-A9BB435448A0}.Debug|Any CPU.ActiveCfg = Debug|Any CPU
		{9E9E3680-B880-4DC5-A3AD-A9BB435448A0}.Debug|Any CPU.Build.0 = Debug|Any CPU
		{9E9E3680-B880-4DC5-A3AD-A9BB435448A0}.Release|Any CPU.ActiveCfg = Release|Any CPU
		{9E9E3680-B880-4DC5-A3AD-A9BB435448A0}.Release|Any CPU.Build.0 = Release|Any CPU
	EndGlobalSection
	GlobalSection(SolutionProperties) = preSolution
		HideSolutionNode = FALSE
	EndGlobalSection
	GlobalSection(ExtensibilityGlobals) = postSolution
		SolutionGuid = {7770DB1A-FE61-4F89-8022-54A978641D33}
	EndGlobalSection
EndGlobal
